{
  "version": "5",
  "specifiers": {
    "npm:@modelcontextprotocol/server@^2.2.0": "2.2.0"
  },
  "npm": {
    "@modelcontextprotocol/core@2.2.0": {
      "integrity": "sha512-iLhmprRmWI8EcosOA3wVvww22z02NkgqhV4fBH6f/odQBsi7xnJc0HGmi21yWO+/iKw2yzqVE127Zhna5/+JXw==",
      "dependencies": [
        "zod"
      ]
    },
    "@modelcontextprotocol/server@2.2.0": {
      "integrity": "sha512-qFnltjus6Gk8Lx6J1w2RXmr3YPN22MNT6qD6zjAkaiWIlFIFxWClz0rXHNuJF/KSUyn5YGhkSvXkWDbQHVLFEQ==",
      "dependencies": [
        "@modelcontextprotocol/core",
        "zod"
      ]
    },
    "zod@4.6.5": {
      "integrity": "sha512-v5l/aFXZQeai4awLbOpSoHecE9UiMrnfx75tEXLjNonXVARxQ5mOeipTjROUchszUNCqnE+hqAMujRsRHsut2Q=="
    }
  },
  "workspace": {
    "packageJson": {
      "dependencies": [
        "npm:@modelcontextprotocol/server@^2.2.0"
      ]
    }
  }
}
